
Microsoft Visual Studio Solution File, Format Version 12.00
# Visual Studio Version 16
VisualStudioVersion = 16.0.30804.86
MinimumVisualStudioVersion = 10.0.40219.1
Project("{FAE04EC0-301F-11D3-BF4B-00C04F79EFBC}") = "BookStore.API", "src\BookStore.API\BookStore.API.csproj", "{EA5EAE6D-DC23-482B-B15F-AE5B82120BD6}"
EndProject
Project("{FAE04EC0-301F-11D3-BF4B-00C04F79EFBC}") = "BookStore.Domain", "src\BookStore.Domain\BookStore.Domain.csproj", "{9BB68CE5-9F14-48A7-8035-3C29944649BB}"
EndProject
Project("{FAE04EC0-301F-11D3-BF4B-00C04F79EFBC}") = "BookStore.Infrastructure", "src\BookStore.Infrastructure\BookStore.Infrastructure.csproj", "{27A5A69D-65AD-475E-B5F2-0CBAC99E3921}"
EndProject
Global
	GlobalSection(SolutionConfigurationPlatforms) = preSolution
		Debug|Any CPU = Debug|Any CPU
		Release|Any CPU = Release|Any CPU
	EndGlobalSection
	GlobalSection(ProjectConfigurationPlatforms) = postSolution
		{EA5EAE6D-DC23-482B-B15F-AE5B82120BD6}.Debug|Any CPU.ActiveCfg = Debug|Any CPU
		{EA5EAE6D-DC23-482B-B15F-AE5B82120BD6}.Debug|Any CPU.Build.0 = Debug|Any CPU
		{EA5EAE6D-DC23-482B-B15F-AE5B82120BD6}.Release|Any CPU.ActiveCfg = Release|Any CPU
		{EA5EAE6D-DC23-482B-B15F-AE5B82120BD6}.Release|Any CPU.Build.0 = Release|Any CPU
		{9BB68CE5-9F14-48A7-8035-3C29944649BB}.Debug|Any CPU.ActiveCfg = Debug|Any CPU
		{9BB68CE5-9F14-48A7-8035-3C29944649BB}.Debug|Any CPU.Build.0 = Debug|Any CPU
		{9BB68CE5-9F14-48A7-8035-3C29944649BB}.Release|Any CPU.ActiveCfg = Release|Any CPU
		{9BB68CE5-9F14-48A7-8035-3C29944649BB}.Release|Any CPU.Build.0 = Release|Any CPU
		{27A5A69D-65AD-475E-B5F2-0CBAC99E3921}.Debug|Any CPU.ActiveCfg = Debug|Any CPU
		{27A5A69D-65AD-475E-B5F2-0CBAC99E3921}.Debug|Any CPU.Build.0 = Debug|Any CPU
		{27A5A69D-65AD-475E-B5F2-0CBAC99E3921}.Release|Any CPU.ActiveCfg = Release|Any CPU
		{27A5A69D-65AD-475E-B5F2-0CBAC99E3921}.Release|Any CPU.Build.0 = Release|Any CPU
	EndGlobalSection
	GlobalSection(SolutionProperties) = preSolution
		HideSolutionNode = FALSE
	EndGlobalSection
	GlobalSection(ExtensibilityGlobals) = postSolution
		SolutionGuid = {ED77A80E-D02A-4ABF-B836-F4B66F8CD29C}
	EndGlobalSection
EndGlobal
